
Microsoft Visual Studio Solution File, Format Version 12.00
# Visual Studio Version 16
VisualStudioVersion = 16.0.30413.136
MinimumVisualStudioVersion = 10.0.40219.1
Project("{FAE04EC0-301F-11D3-BF4B-00C04F79EFBC}") = "curso-arm-docker-mvc", "curso-arm-docker-mvc\curso-arm-docker-mvc.csproj", "{48210CDD-5512-44B7-B16F-02524997E5E0}"
EndProject
Global
	GlobalSection(SolutionConfigurationPlatforms) = preSolution
		Debug|Any CPU = Debug|Any CPU
		Release|Any CPU = Release|Any CPU
	EndGlobalSection
	GlobalSection(ProjectConfigurationPlatforms) = postSolution
		{48210CDD-5512-44B7-B16F-02524997E5E0}.Debug|Any CPU.ActiveCfg = Debug|Any CPU
		{48210CDD-5512-44B7-B16F-02524997E5E0}.Debug|Any CPU.Build.0 = Debug|Any CPU
		{48210CDD-5512-44B7-B16F-02524997E5E0}.Release|Any CPU.ActiveCfg = Release|Any CPU
		{48210CDD-5512-44B7-B16F-02524997E5E0}.Release|Any CPU.Build.0 = Release|Any CPU
	EndGlobalSection
	GlobalSection(SolutionProperties) = preSolution
		HideSolutionNode = FALSE
	EndGlobalSection
	GlobalSection(ExtensibilityGlobals) = postSolution
		SolutionGuid = {08EBCB79-15BF-484F-B76D-EF57FEC9E863}
	EndGlobalSection
EndGlobal
